
Microsoft Visual Studio Solution File, Format Version 12.00
# Visual Studio Version 16
VisualStudioVersion = 16.0.30011.22
MinimumVisualStudioVersion = 10.0.40219.1
Project("{FAE04EC0-301F-11D3-BF4B-00C04F79EFBC}") = "Guadalupe", "Guadalupe.csproj", "{280190B6-EAA5-452F-BA60-7389C60CA159}"
EndProject
Project("{FAE04EC0-301F-11D3-BF4B-00C04F79EFBC}") = "Libro", "..\Libro\Libro.csproj", "{A83CE672-9A4B-494F-86A3-0A796E32CD5C}"
EndProject
Global
	GlobalSection(SolutionConfigurationPlatforms) = preSolution
		Debug|Any CPU = Debug|Any CPU
		Release|Any CPU = Release|Any CPU
	EndGlobalSection
	GlobalSection(ProjectConfigurationPlatforms) = postSolution
		{280190B6-EAA5-452F-BA60-7389C60CA159}.Debug|Any CPU.ActiveCfg = Debug|Any CPU
		{280190B6-EAA5-452F-BA60-7389C60CA159}.Debug|Any CPU.Build.0 = Debug|Any CPU
		{280190B6-EAA5-452F-BA60-7389C60CA159}.Release|Any CPU.ActiveCfg = Release|Any CPU
		{280190B6-EAA5-452F-BA60-7389C60CA159}.Release|Any CPU.Build.0 = Release|Any CPU
		{A83CE672-9A4B-494F-86A3-0A796E32CD5C}.Debug|Any CPU.ActiveCfg = Debug|Any CPU
		{A83CE672-9A4B-494F-86A3-0A796E32CD5C}.Debug|Any CPU.Build.0 = Debug|Any CPU
		{A83CE672-9A4B-494F-86A3-0A796E32CD5C}.Release|Any CPU.ActiveCfg = Release|Any CPU
		{A83CE672-9A4B-494F-86A3-0A796E32CD5C}.Release|Any CPU.Build.0 = Release|Any CPU
	EndGlobalSection
	GlobalSection(SolutionProperties) = preSolution
		HideSolutionNode = FALSE
	EndGlobalSection
	GlobalSection(ExtensibilityGlobals) = postSolution
		SolutionGuid = {0D592D9D-B40B-41E3-8F50-620148AC4E30}
	EndGlobalSection
EndGlobal
